// !$*UTF8*$!
{
	archiveVersion = 1;
	classes = {
	};
	objectVersion = 46;
	objects = {

/* Begin PBXBuildFile section */
		40737EAA1C79473E001F15F1 /* MinionsHttpRequester.swift in Sources */ = {isa = PBXBuildFile; fileRef = 40737EA91C79473E001F15F1 /* MinionsHttpRequester.swift */; };
		5205B0BE1C784E1500BC7C9A /* MinionsJsonParserTest.swift in Sources */ = {isa = PBXBuildFile; fileRef = 5205B0BD1C784E1500BC7C9A /* MinionsJsonParserTest.swift */; };
		5205B0C01C784F4200BC7C9A /* MinionsJsonParser.swift in Sources */ = {isa = PBXBuildFile; fileRef = 5205B0BF1C784F4200BC7C9A /* MinionsJsonParser.swift */; };
		5205B0C21C785CD500BC7C9A /* FakeJsonParser.swift in Sources */ = {isa = PBXBuildFile; fileRef = 5205B0C11C785CD500BC7C9A /* FakeJsonParser.swift */; };
		521CA2CC1C6F1B5E00C82AAE /* Main.storyboard in Resources */ = {isa = PBXBuildFile; fileRef = 525234581C6EFF3800987A84 /* Main.storyboard */; };
		521CA2D11C6F248900C82AAE /* FakeMinionSupplier.swift in Sources */ = {isa = PBXBuildFile; fileRef = 521CA2D01C6F248900C82AAE /* FakeMinionSupplier.swift */; };
		524D7D8C1C6F15EB00EBD9BB /* MinionsTableViewControllerTests.swift in Sources */ = {isa = PBXBuildFile; fileRef = 524D7D8B1C6F15EB00EBD9BB /* MinionsTableViewControllerTests.swift */; };
		525234551C6EFF3800987A84 /* AppDelegate.swift in Sources */ = {isa = PBXBuildFile; fileRef = 525234541C6EFF3800987A84 /* AppDelegate.swift */; };
		525234571C6EFF3800987A84 /* MinionsTableViewController.swift in Sources */ = {isa = PBXBuildFile; fileRef = 525234561C6EFF3800987A84 /* MinionsTableViewController.swift */; };
		5252345A1C6EFF3800987A84 /* Main.storyboard in Resources */ = {isa = PBXBuildFile; fileRef = 525234581C6EFF3800987A84 /* Main.storyboard */; };
		5252345C1C6EFF3800987A84 /* Assets.xcassets in Resources */ = {isa = PBXBuildFile; fileRef = 5252345B1C6EFF3800987A84 /* Assets.xcassets */; };
		5252345F1C6EFF3800987A84 /* LaunchScreen.storyboard in Resources */ = {isa = PBXBuildFile; fileRef = 5252345D1C6EFF3800987A84 /* LaunchScreen.storyboard */; };
		5252346A1C6EFF3800987A84 /* MinionTests.swift in Sources */ = {isa = PBXBuildFile; fileRef = 525234691C6EFF3800987A84 /* MinionTests.swift */; };
		525234751C6EFF4A00987A84 /* Minion.swift in Sources */ = {isa = PBXBuildFile; fileRef = 525234741C6EFF4A00987A84 /* Minion.swift */; };
		525234771C6F00E700987A84 /* MinionsRepo.swift in Sources */ = {isa = PBXBuildFile; fileRef = 525234761C6F00E700987A84 /* MinionsRepo.swift */; };
		525234791C6F056C00987A84 /* MinionRepoTests.swift in Sources */ = {isa = PBXBuildFile; fileRef = 525234781C6F056C00987A84 /* MinionRepoTests.swift */; };
/* End PBXBuildFile section */

/* Begin PBXContainerItemProxy section */
		525234661C6EFF3800987A84 /* PBXContainerItemProxy */ = {
			isa = PBXContainerItemProxy;
			containerPortal = 525234491C6EFF3700987A84 /* Project object */;
			proxyType = 1;
			remoteGlobalIDString = 525234501C6EFF3700987A84;
			remoteInfo = MinionsSample;
		};
/* End PBXContainerItemProxy section */

/* Begin PBXFileReference section */
		40737EA91C79473E001F15F1 /* MinionsHttpRequester.swift */ = {isa = PBXFileReference; fileEncoding = 4; lastKnownFileType = sourcecode.swift; path = MinionsHttpRequester.swift; sourceTree = "<group>"; };
		5205B0BD1C784E1500BC7C9A /* MinionsJsonParserTest.swift */ = {isa = PBXFileReference; fileEncoding = 4; lastKnownFileType = sourcecode.swift; path = MinionsJsonParserTest.swift; sourceTree = "<group>"; };
		5205B0BF1C784F4200BC7C9A /* MinionsJsonParser.swift */ = {isa = PBXFileReference; fileEncoding = 4; lastKnownFileType = sourcecode.swift; path = MinionsJsonParser.swift; sourceTree = "<group>"; };
		5205B0C11C785CD500BC7C9A /* FakeJsonParser.swift */ = {isa = PBXFileReference; fileEncoding = 4; lastKnownFileType = sourcecode.swift; path = FakeJsonParser.swift; sourceTree = "<group>"; };
		521CA2D01C6F248900C82AAE /* FakeMinionSupplier.swift */ = {isa = PBXFileReference; fileEncoding = 4; lastKnownFileType = sourcecode.swift; path = FakeMinionSupplier.swift; sourceTree = "<group>"; };
		524D7D8B1C6F15EB00EBD9BB /* MinionsTableViewControllerTests.swift */ = {isa = PBXFileReference; fileEncoding = 4; lastKnownFileType = sourcecode.swift; path = MinionsTableViewControllerTests.swift; sourceTree = "<group>"; };
		525234511C6EFF3700987A84 /* MinionsSample.app */ = {isa = PBXFileReference; explicitFileType = wrapper.application; includeInIndex = 0; path = MinionsSample.app; sourceTree = BUILT_PRODUCTS_DIR; };
		525234541C6EFF3800987A84 /* AppDelegate.swift */ = {isa = PBXFileReference; lastKnownFileType = sourcecode.swift; path = AppDelegate.swift; sourceTree = "<group>"; };
		525234561C6EFF3800987A84 /* MinionsTableViewController.swift */ = {isa = PBXFileReference; lastKnownFileType = sourcecode.swift; path = MinionsTableViewController.swift; sourceTree = "<group>"; };
		525234591C6EFF3800987A84 /* Base */ = {isa = PBXFileReference; lastKnownFileType = file.storyboard; name = Base; path = Base.lproj/Main.storyboard; sourceTree = "<group>"; };
		5252345B1C6EFF3800987A84 /* Assets.xcassets */ = {isa = PBXFileReference; lastKnownFileType = folder.assetcatalog; path = Assets.xcassets; sourceTree = "<group>"; };
		5252345E1C6EFF3800987A84 /* Base */ = {isa = PBXFileReference; lastKnownFileType = file.storyboard; name = Base; path = Base.lproj/LaunchScreen.storyboard; sourceTree = "<group>"; };
		525234601C6EFF3800987A84 /* Info.plist */ = {isa = PBXFileReference; lastKnownFileType = text.plist.xml; path = Info.plist; sourceTree = "<group>"; };
		525234651C6EFF3800987A84 /* MinionsSampleTests.xctest */ = {isa = PBXFileReference; explicitFileType = wrapper.cfbundle; includeInIndex = 0; path = MinionsSampleTests.xctest; sourceTree = BUILT_PRODUCTS_DIR; };
		525234691C6EFF3800987A84 /* MinionTests.swift */ = {isa = PBXFileReference; lastKnownFileType = sourcecode.swift; path = MinionTests.swift; sourceTree = "<group>"; };
		5252346B1C6EFF3800987A84 /* Info.plist */ = {isa = PBXFileReference; lastKnownFileType = text.plist.xml; path = Info.plist; sourceTree = "<group>"; };
		525234741C6EFF4A00987A84 /* Minion.swift */ = {isa = PBXFileReference; fileEncoding = 4; lastKnownFileType = sourcecode.swift; path = Minion.swift; sourceTree = "<group>"; };
		525234761C6F00E700987A84 /* MinionsRepo.swift */ = {isa = PBXFileReference; fileEncoding = 4; lastKnownFileType = sourcecode.swift; path = MinionsRepo.swift; sourceTree = "<group>"; };
		525234781C6F056C00987A84 /* MinionRepoTests.swift */ = {isa = PBXFileReference; fileEncoding = 4; lastKnownFileType = sourcecode.swift; path = MinionRepoTests.swift; sourceTree = "<group>"; };
/* End PBXFileReference section */

/* Begin PBXFrameworksBuildPhase section */
		5252344E1C6EFF3700987A84 /* Frameworks */ = {
			isa = PBXFrameworksBuildPhase;
			buildActionMask = 2147483647;
			files = (
			);
			runOnlyForDeploymentPostprocessing = 0;
		};
		525234621C6EFF3800987A84 /* Frameworks */ = {
			isa = PBXFrameworksBuildPhase;
			buildActionMask = 2147483647;
			files = (
			);
			runOnlyForDeploymentPostprocessing = 0;
		};
/* End PBXFrameworksBuildPhase section */

/* Begin PBXGroup section */
		521CA2CF1C6F247D00C82AAE /* Fakes */ = {
			isa = PBXGroup;
			children = (
				521CA2D01C6F248900C82AAE /* FakeMinionSupplier.swift */,
				5205B0C11C785CD500BC7C9A /* FakeJsonParser.swift */,
			);
			path = Fakes;
			sourceTree = "<group>";
		};
		525234481C6EFF3700987A84 = {
			isa = PBXGroup;
			children = (
				525234531C6EFF3700987A84 /* MinionsSample */,
				525234681C6EFF3800987A84 /* MinionsSampleTests */,
				525234521C6EFF3700987A84 /* Products */,
			);
			sourceTree = "<group>";
		};
		525234521C6EFF3700987A84 /* Products */ = {
			isa = PBXGroup;
			children = (
				525234511C6EFF3700987A84 /* MinionsSample.app */,
				525234651C6EFF3800987A84 /* MinionsSampleTests.xctest */,
			);
			name = Products;
			sourceTree = "<group>";
		};
		525234531C6EFF3700987A84 /* MinionsSample */ = {
			isa = PBXGroup;
			children = (
				525234541C6EFF3800987A84 /* AppDelegate.swift */,
				5252345B1C6EFF3800987A84 /* Assets.xcassets */,
				525234601C6EFF3800987A84 /* Info.plist */,
				5252345D1C6EFF3800987A84 /* LaunchScreen.storyboard */,
				525234581C6EFF3800987A84 /* Main.storyboard */,
				525234741C6EFF4A00987A84 /* Minion.swift */,
				40737EA91C79473E001F15F1 /* MinionsHttpRequester.swift */,
				5205B0BF1C784F4200BC7C9A /* MinionsJsonParser.swift */,
				525234761C6F00E700987A84 /* MinionsRepo.swift */,
				525234561C6EFF3800987A84 /* MinionsTableViewController.swift */,
			);
			path = MinionsSample;
			sourceTree = "<group>";
		};
		525234681C6EFF3800987A84 /* MinionsSampleTests */ = {
			isa = PBXGroup;
			children = (
				521CA2CF1C6F247D00C82AAE /* Fakes */,
				5252346B1C6EFF3800987A84 /* Info.plist */,
				5205B0BD1C784E1500BC7C9A /* MinionsJsonParserTest.swift */,
				524D7D8B1C6F15EB00EBD9BB /* MinionsTableViewControllerTests.swift */,
				525234781C6F056C00987A84 /* MinionRepoTests.swift */,
				525234691C6EFF3800987A84 /* MinionTests.swift */,
			);
			path = MinionsSampleTests;
			sourceTree = "<group>";
		};
/* End PBXGroup section */

/* Begin PBXNativeTarget section */
		525234501C6EFF3700987A84 /* MinionsSample */ = {
			isa = PBXNativeTarget;
			buildConfigurationList = 5252346E1C6EFF3800987A84 /* Build configuration list for PBXNativeTarget "MinionsSample" */;
			buildPhases = (
				5252344D1C6EFF3700987A84 /* Sources */,
				5252344E1C6EFF3700987A84 /* Frameworks */,
				5252344F1C6EFF3700987A84 /* Resources */,
			);
			buildRules = (
			);
			dependencies = (
			);
			name = MinionsSample;
			productName = MinionsSample;
			productReference = 525234511C6EFF3700987A84 /* MinionsSample.app */;
			productType = "com.apple.product-type.application";
		};
		525234641C6EFF3800987A84 /* MinionsSampleTests */ = {
			isa = PBXNativeTarget;
			buildConfigurationList = 525234711C6EFF3800987A84 /* Build configuration list for PBXNativeTarget "MinionsSampleTests" */;
			buildPhases = (
				525234611C6EFF3800987A84 /* Sources */,
				525234621C6EFF3800987A84 /* Frameworks */,
				525234631C6EFF3800987A84 /* Resources */,
			);
			buildRules = (
			);
			dependencies = (
				525234671C6EFF3800987A84 /* PBXTargetDependency */,
			);
			name = MinionsSampleTests;
			productName = MinionsSampleTests;
			productReference = 525234651C6EFF3800987A84 /* MinionsSampleTests.xctest */;
			productType = "com.apple.product-type.bundle.unit-test";
		};
/* End PBXNativeTarget section */

/* Begin PBXProject section */
		525234491C6EFF3700987A84 /* Project object */ = {
			isa = PBXProject;
			attributes = {
				LastSwiftUpdateCheck = 0720;
				LastUpgradeCheck = 0720;
				ORGANIZATIONNAME = "Sun Rising App Dev";
				TargetAttributes = {
					525234501C6EFF3700987A84 = {
						CreatedOnToolsVersion = 7.2.1;
					};
					525234641C6EFF3800987A84 = {
						CreatedOnToolsVersion = 7.2.1;
						TestTargetID = 525234501C6EFF3700987A84;
					};
				};
			};
			buildConfigurationList = 5252344C1C6EFF3700987A84 /* Build configuration list for PBXProject "MinionsSample" */;
			compatibilityVersion = "Xcode 3.2";
			developmentRegion = English;
			hasScannedForEncodings = 0;
			knownRegions = (
				en,
				Base,
			);
			mainGroup = 525234481C6EFF3700987A84;
			productRefGroup = 525234521C6EFF3700987A84 /* Products */;
			projectDirPath = "";
			projectRoot = "";
			targets = (
				525234501C6EFF3700987A84 /* MinionsSample */,
				525234641C6EFF3800987A84 /* MinionsSampleTests */,
			);
		};
/* End PBXProject section */

/* Begin PBXResourcesBuildPhase section */
		5252344F1C6EFF3700987A84 /* Resources */ = {
			isa = PBXResourcesBuildPhase;
			buildActionMask = 2147483647;
			files = (
				5252345F1C6EFF3800987A84 /* LaunchScreen.storyboard in Resources */,
				5252345C1C6EFF3800987A84 /* Assets.xcassets in Resources */,
				5252345A1C6EFF3800987A84 /* Main.storyboard in Resources */,
			);
			runOnlyForDeploymentPostprocessing = 0;
		};
		525234631C6EFF3800987A84 /* Resources */ = {
			isa = PBXResourcesBuildPhase;
			buildActionMask = 2147483647;
			files = (
				521CA2CC1C6F1B5E00C82AAE /* Main.storyboard in Resources */,
			);
			runOnlyForDeploymentPostprocessing = 0;
		};
/* End PBXResourcesBuildPhase section */

/* Begin PBXSourcesBuildPhase section */
		5252344D1C6EFF3700987A84 /* Sources */ = {
			isa = PBXSourcesBuildPhase;
			buildActionMask = 2147483647;
			files = (
				525234571C6EFF3800987A84 /* MinionsTableViewController.swift in Sources */,
				525234771C6F00E700987A84 /* MinionsRepo.swift in Sources */,
				525234551C6EFF3800987A84 /* AppDelegate.swift in Sources */,
				525234751C6EFF4A00987A84 /* Minion.swift in Sources */,
				40737EAA1C79473E001F15F1 /* MinionsHttpRequester.swift in Sources */,
				5205B0C01C784F4200BC7C9A /* MinionsJsonParser.swift in Sources */,
			);
			runOnlyForDeploymentPostprocessing = 0;
		};
		525234611C6EFF3800987A84 /* Sources */ = {
			isa = PBXSourcesBuildPhase;
			buildActionMask = 2147483647;
			files = (
				5205B0BE1C784E1500BC7C9A /* MinionsJsonParserTest.swift in Sources */,
				521CA2D11C6F248900C82AAE /* FakeMinionSupplier.swift in Sources */,
				524D7D8C1C6F15EB00EBD9BB /* MinionsTableViewControllerTests.swift in Sources */,
				5205B0C21C785CD500BC7C9A /* FakeJsonParser.swift in Sources */,
				5252346A1C6EFF3800987A84 /* MinionTests.swift in Sources */,
				525234791C6F056C00987A84 /* MinionRepoTests.swift in Sources */,
			);
			runOnlyForDeploymentPostprocessing = 0;
		};
/* End PBXSourcesBuildPhase section */

/* Begin PBXTargetDependency section */
		525234671C6EFF3800987A84 /* PBXTargetDependency */ = {
			isa = PBXTargetDependency;
			target = 525234501C6EFF3700987A84 /* MinionsSample */;
			targetProxy = 525234661C6EFF3800987A84 /* PBXContainerItemProxy */;
		};
/* End PBXTargetDependency section */

/* Begin PBXVariantGroup section */
		525234581C6EFF3800987A84 /* Main.storyboard */ = {
			isa = PBXVariantGroup;
			children = (
				525234591C6EFF3800987A84 /* Base */,
			);
			name = Main.storyboard;
			sourceTree = "<group>";
		};
		5252345D1C6EFF3800987A84 /* LaunchScreen.storyboard */ = {
			isa = PBXVariantGroup;
			children = (
				5252345E1C6EFF3800987A84 /* Base */,
			);
			name = LaunchScreen.storyboard;
			sourceTree = "<group>";
		};
/* End PBXVariantGroup section */

/* Begin XCBuildConfiguration section */
		5252346C1C6EFF3800987A84 /* Debug */ = {
			isa = XCBuildConfiguration;
			buildSettings = {
				ALWAYS_SEARCH_USER_PATHS = NO;
				CLANG_CXX_LANGUAGE_STANDARD = "gnu++0x";
				CLANG_CXX_LIBRARY = "libc++";
				CLANG_ENABLE_MODULES = YES;
				CLANG_ENABLE_OBJC_ARC = YES;
				CLANG_WARN_BOOL_CONVERSION = YES;
				CLANG_WARN_CONSTANT_CONVERSION = YES;
				CLANG_WARN_DIRECT_OBJC_ISA_USAGE = YES_ERROR;
				CLANG_WARN_EMPTY_BODY = YES;
				CLANG_WARN_ENUM_CONVERSION = YES;
				CLANG_WARN_INT_CONVERSION = YES;
				CLANG_WARN_OBJC_ROOT_CLASS = YES_ERROR;
				CLANG_WARN_UNREACHABLE_CODE = YES;
				CLANG_WARN__DUPLICATE_METHOD_MATCH = YES;
				"CODE_SIGN_IDENTITY[sdk=iphoneos*]" = "iPhone Developer";
				COPY_PHASE_STRIP = NO;
				DEBUG_INFORMATION_FORMAT = dwarf;
				ENABLE_STRICT_OBJC_MSGSEND = YES;
				ENABLE_TESTABILITY = YES;
				GCC_C_LANGUAGE_STANDARD = gnu99;
				GCC_DYNAMIC_NO_PIC = NO;
				GCC_NO_COMMON_BLOCKS = YES;
				GCC_OPTIMIZATION_LEVEL = 0;
				GCC_PREPROCESSOR_DEFINITIONS = (
					"DEBUG=1",
					"$(inherited)",
				);
				GCC_WARN_64_TO_32_BIT_CONVERSION = YES;
				GCC_WARN_ABOUT_RETURN_TYPE = YES_ERROR;
				GCC_WARN_UNDECLARED_SELECTOR = YES;
				GCC_WARN_UNINITIALIZED_AUTOS = YES_AGGRESSIVE;
				GCC_WARN_UNUSED_FUNCTION = YES;
				GCC_WARN_UNUSED_VARIABLE = YES;
				IPHONEOS_DEPLOYMENT_TARGET = 9.2;
				MTL_ENABLE_DEBUG_INFO = YES;
				ONLY_ACTIVE_ARCH = YES;
				SDKROOT = iphoneos;
				SWIFT_OPTIMIZATION_LEVEL = "-Onone";
			};
			name = Debug;
		};
		5252346D1C6EFF3800987A84 /* Release */ = {
			isa = XCBuildConfiguration;
			buildSettings = {
				ALWAYS_SEARCH_USER_PATHS = NO;
				CLANG_CXX_LANGUAGE_STANDARD = "gnu++0x";
				CLANG_CXX_LIBRARY = "libc++";
				CLANG_ENABLE_MODULES = YES;
				CLANG_ENABLE_OBJC_ARC = YES;
				CLANG_WARN_BOOL_CONVERSION = YES;
				CLANG_WARN_CONSTANT_CONVERSION = YES;
				CLANG_WARN_DIRECT_OBJC_ISA_USAGE = YES_ERROR;
				CLANG_WARN_EMPTY_BODY = YES;
				CLANG_WARN_ENUM_CONVERSION = YES;
				CLANG_WARN_INT_CONVERSION = YES;
				CLANG_WARN_OBJC_ROOT_CLASS = YES_ERROR;
				CLANG_WARN_UNREACHABLE_CODE = YES;
				CLANG_WARN__DUPLICATE_METHOD_MATCH = YES;
				"CODE_SIGN_IDENTITY[sdk=iphoneos*]" = "iPhone Developer";
				COPY_PHASE_STRIP = NO;
				DEBUG_INFORMATION_FORMAT = "dwarf-with-dsym";
				ENABLE_NS_ASSERTIONS = NO;
				ENABLE_STRICT_OBJC_MSGSEND = YES;
				GCC_C_LANGUAGE_STANDARD = gnu99;
				GCC_NO_COMMON_BLOCKS = YES;
				GCC_WARN_64_TO_32_BIT_CONVERSION = YES;
				GCC_WARN_ABOUT_RETURN_TYPE = YES_ERROR;
				GCC_WARN_UNDECLARED_SELECTOR = YES;
				GCC_WARN_UNINITIALIZED_AUTOS = YES_AGGRESSIVE;
				GCC_WARN_UNUSED_FUNCTION = YES;
				GCC_WARN_UNUSED_VARIABLE = YES;
				IPHONEOS_DEPLOYMENT_TARGET = 9.2;
				MTL_ENABLE_DEBUG_INFO = NO;
				SDKROOT = iphoneos;
				VALIDATE_PRODUCT = YES;
			};
			name = Release;
		};
		5252346F1C6EFF3800987A84 /* Debug */ = {
			isa = XCBuildConfiguration;
			buildSettings = {
				ASSETCATALOG_COMPILER_APPICON_NAME = AppIcon;
				INFOPLIST_FILE = MinionsSample/Info.plist;
				LD_RUNPATH_SEARCH_PATHS = "$(inherited) @executable_path/Frameworks";
				PRODUCT_BUNDLE_IDENTIFIER = com.sunrisingappdev.MinionsSample;
				PRODUCT_NAME = "$(TARGET_NAME)";
			};
			name = Debug;
		};
		525234701C6EFF3800987A84 /* Release */ = {
			isa = XCBuildConfiguration;
			buildSettings = {
				ASSETCATALOG_COMPILER_APPICON_NAME = AppIcon;
				INFOPLIST_FILE = MinionsSample/Info.plist;
				LD_RUNPATH_SEARCH_PATHS = "$(inherited) @executable_path/Frameworks";
				PRODUCT_BUNDLE_IDENTIFIER = com.sunrisingappdev.MinionsSample;
				PRODUCT_NAME = "$(TARGET_NAME)";
			};
			name = Release;
		};
		525234721C6EFF3800987A84 /* Debug */ = {
			isa = XCBuildConfiguration;
			buildSettings = {
				BUNDLE_LOADER = "$(TEST_HOST)";
				INFOPLIST_FILE = MinionsSampleTests/Info.plist;
				LD_RUNPATH_SEARCH_PATHS = "$(inherited) @executable_path/Frameworks @loader_path/Frameworks";
				PRODUCT_BUNDLE_IDENTIFIER = com.sunrisingappdev.MinionsSampleTests;
				PRODUCT_NAME = "$(TARGET_NAME)";
				TEST_HOST = "$(BUILT_PRODUCTS_DIR)/MinionsSample.app/MinionsSample";
			};
			name = Debug;
		};
		525234731C6EFF3800987A84 /* Release */ = {
			isa = XCBuildConfiguration;
			buildSettings = {
				BUNDLE_LOADER = "$(TEST_HOST)";
				INFOPLIST_FILE = MinionsSampleTests/Info.plist;
				LD_RUNPATH_SEARCH_PATHS = "$(inherited) @executable_path/Frameworks @loader_path/Frameworks";
				PRODUCT_BUNDLE_IDENTIFIER = com.sunrisingappdev.MinionsSampleTests;
				PRODUCT_NAME = "$(TARGET_NAME)";
				TEST_HOST = "$(BUILT_PRODUCTS_DIR)/MinionsSample.app/MinionsSample";
			};
			name = Release;
		};
/* End XCBuildConfiguration section */

/* Begin XCConfigurationList section */
		5252344C1C6EFF3700987A84 /* Build configuration list for PBXProject "MinionsSample" */ = {
			isa = XCConfigurationList;
			buildConfigurations = (
				5252346C1C6EFF3800987A84 /* Debug */,
				5252346D1C6EFF3800987A84 /* Release */,
			);
			defaultConfigurationIsVisible = 0;
			defaultConfigurationName = Release;
		};
		5252346E1C6EFF3800987A84 /* Build configuration list for PBXNativeTarget "MinionsSample" */ = {
			isa = XCConfigurationList;
			buildConfigurations = (
				5252346F1C6EFF3800987A84 /* Debug */,
				525234701C6EFF3800987A84 /* Release */,
			);
			defaultConfigurationIsVisible = 0;
			defaultConfigurationName = Release;
		};
		525234711C6EFF3800987A84 /* Build configuration list for PBXNativeTarget "MinionsSampleTests" */ = {
			isa = XCConfigurationList;
			buildConfigurations = (
				525234721C6EFF3800987A84 /* Debug */,
				525234731C6EFF3800987A84 /* Release */,
			);
			defaultConfigurationIsVisible = 0;
			defaultConfigurationName = Release;
		};
/* End XCConfigurationList section */
	};
	rootObject = 525234491C6EFF3700987A84 /* Project object */;
}
